
Microsoft Visual Studio Solution File, Format Version 12.00
# Visual Studio Version 16
VisualStudioVersion = 16.0.29020.237
MinimumVisualStudioVersion = 10.0.40219.1
Project("{2150E333-8FDC-42A3-9474-1A3956D46DE8}") = "Labor1", "Labor1", "{6A6DB821-1517-4EBD-91BA-E67D9E1F60B5}"
EndProject
Project("{2150E333-8FDC-42A3-9474-1A3956D46DE8}") = "Labor2", "Labor2", "{2B6A4258-5EB3-4767-A6B5-C2F3B1268E4F}"
EndProject
Project("{2150E333-8FDC-42A3-9474-1A3956D46DE8}") = "Labor3", "Labor3", "{7278D4A9-D610-49C6-9CA8-B49AE7ED9413}"
EndProject
Project("{2150E333-8FDC-42A3-9474-1A3956D46DE8}") = "Labor4", "Labor4", "{53DE3C7B-52C7-4E87-ACE7-D3877506E978}"
EndProject
Project("{2150E333-8FDC-42A3-9474-1A3956D46DE8}") = "Labor5", "Labor5", "{EF0A950A-797C-4092-B9E7-3C4A8DF337B0}"
EndProject
Project("{2150E333-8FDC-42A3-9474-1A3956D46DE8}") = "Labor6", "Labor6", "{D0FC39AC-32F9-4ADE-BE9A-228B4EF385D1}"
EndProject
Project("{8BC9CEB8-8B4A-11D0-8D11-00A0C91BC942}") = "L1_A1", "L1_A1\L1_A1.vcxproj", "{FC89C18D-37F8-4B09-98CD-8D33A5BE63DE}"
EndProject
Project("{8BC9CEB8-8B4A-11D0-8D11-00A0C91BC942}") = "L1_A2", "L1_A2\L1_A2.vcxproj", "{CF8C049F-165C-4676-AD2D-CA55C240FCBE}"
EndProject
Project("{8BC9CEB8-8B4A-11D0-8D11-00A0C91BC942}") = "L1_A3", "L1_A3\L1_A3.vcxproj", "{68C02693-6593-4C98-BE5D-D5CB1FBAC157}"
EndProject
Project("{8BC9CEB8-8B4A-11D0-8D11-00A0C91BC942}") = "L1_A4", "L1_A4\L1_A4.vcxproj", "{73F0F660-4138-4F63-B0C7-C87AFAEFB43E}"
EndProject
Project("{8BC9CEB8-8B4A-11D0-8D11-00A0C91BC942}") = "L1_A5", "L1_A5\L1_A5.vcxproj", "{7EE90E89-E5AE-41DB-A617-89A42179F8E6}"
EndProject
Global
	GlobalSection(SolutionConfigurationPlatforms) = preSolution
		Debug|x64 = Debug|x64
		Debug|x86 = Debug|x86
		Release|x64 = Release|x64
		Release|x86 = Release|x86
	EndGlobalSection
	GlobalSection(ProjectConfigurationPlatforms) = postSolution
		{FC89C18D-37F8-4B09-98CD-8D33A5BE63DE}.Debug|x64.ActiveCfg = Debug|x64
		{FC89C18D-37F8-4B09-98CD-8D33A5BE63DE}.Debug|x64.Build.0 = Debug|x64
		{FC89C18D-37F8-4B09-98CD-8D33A5BE63DE}.Debug|x86.ActiveCfg = Debug|Win32
		{FC89C18D-37F8-4B09-98CD-8D33A5BE63DE}.Debug|x86.Build.0 = Debug|Win32
		{FC89C18D-37F8-4B09-98CD-8D33A5BE63DE}.Release|x64.ActiveCfg = Release|x64
		{FC89C18D-37F8-4B09-98CD-8D33A5BE63DE}.Release|x64.Build.0 = Release|x64
		{FC89C18D-37F8-4B09-98CD-8D33A5BE63DE}.Release|x86.ActiveCfg = Release|Win32
		{FC89C18D-37F8-4B09-98CD-8D33A5BE63DE}.Release|x86.Build.0 = Release|Win32
		{CF8C049F-165C-4676-AD2D-CA55C240FCBE}.Debug|x64.ActiveCfg = Debug|x64
		{CF8C049F-165C-4676-AD2D-CA55C240FCBE}.Debug|x64.Build.0 = Debug|x64
		{CF8C049F-165C-4676-AD2D-CA55C240FCBE}.Debug|x86.ActiveCfg = Debug|Win32
		{CF8C049F-165C-4676-AD2D-CA55C240FCBE}.Debug|x86.Build.0 = Debug|Win32
		{CF8C049F-165C-4676-AD2D-CA55C240FCBE}.Release|x64.ActiveCfg = Release|x64
		{CF8C049F-165C-4676-AD2D-CA55C240FCBE}.Release|x64.Build.0 = Release|x64
		{CF8C049F-165C-4676-AD2D-CA55C240FCBE}.Release|x86.ActiveCfg = Release|Win32
		{CF8C049F-165C-4676-AD2D-CA55C240FCBE}.Release|x86.Build.0 = Release|Win32
		{68C02693-6593-4C98-BE5D-D5CB1FBAC157}.Debug|x64.ActiveCfg = Debug|x64
		{68C02693-6593-4C98-BE5D-D5CB1FBAC157}.Debug|x64.Build.0 = Debug|x64
		{68C02693-6593-4C98-BE5D-D5CB1FBAC157}.Debug|x86.ActiveCfg = Debug|Win32
		{68C02693-6593-4C98-BE5D-D5CB1FBAC157}.Debug|x86.Build.0 = Debug|Win32
		{68C02693-6593-4C98-BE5D-D5CB1FBAC157}.Release|x64.ActiveCfg = Release|x64
		{68C02693-6593-4C98-BE5D-D5CB1FBAC157}.Release|x64.Build.0 = Release|x64
		{68C02693-6593-4C98-BE5D-D5CB1FBAC157}.Release|x86.ActiveCfg = Release|Win32
		{68C02693-6593-4C98-BE5D-D5CB1FBAC157}.Release|x86.Build.0 = Release|Win32
		{73F0F660-4138-4F63-B0C7-C87AFAEFB43E}.Debug|x64.ActiveCfg = Debug|x64
		{73F0F660-4138-4F63-B0C7-C87AFAEFB43E}.Debug|x64.Build.0 = Debug|x64
		{73F0F660-4138-4F63-B0C7-C87AFAEFB43E}.Debug|x86.ActiveCfg = Debug|Win32
		{73F0F660-4138-4F63-B0C7-C87AFAEFB43E}.Debug|x86.Build.0 = Debug|Win32
		{73F0F660-4138-4F63-B0C7-C87AFAEFB43E}.Release|x64.ActiveCfg = Release|x64
		{73F0F660-4138-4F63-B0C7-C87AFAEFB43E}.Release|x64.Build.0 = Release|x64
		{73F0F660-4138-4F63-B0C7-C87AFAEFB43E}.Release|x86.ActiveCfg = Release|Win32
		{73F0F660-4138-4F63-B0C7-C87AFAEFB43E}.Release|x86.Build.0 = Release|Win32
		{7EE90E89-E5AE-41DB-A617-89A42179F8E6}.Debug|x64.ActiveCfg = Debug|x64
		{7EE90E89-E5AE-41DB-A617-89A42179F8E6}.Debug|x64.Build.0 = Debug|x64
		{7EE90E89-E5AE-41DB-A617-89A42179F8E6}.Debug|x86.ActiveCfg = Debug|Win32
		{7EE90E89-E5AE-41DB-A617-89A42179F8E6}.Debug|x86.Build.0 = Debug|Win32
		{7EE90E89-E5AE-41DB-A617-89A42179F8E6}.Release|x64.ActiveCfg = Release|x64
		{7EE90E89-E5AE-41DB-A617-89A42179F8E6}.Release|x64.Build.0 = Release|x64
		{7EE90E89-E5AE-41DB-A617-89A42179F8E6}.Release|x86.ActiveCfg = Release|Win32
		{7EE90E89-E5AE-41DB-A617-89A42179F8E6}.Release|x86.Build.0 = Release|Win32
	EndGlobalSection
	GlobalSection(SolutionProperties) = preSolution
		HideSolutionNode = FALSE
	EndGlobalSection
	GlobalSection(NestedProjects) = preSolution
		{FC89C18D-37F8-4B09-98CD-8D33A5BE63DE} = {6A6DB821-1517-4EBD-91BA-E67D9E1F60B5}
		{CF8C049F-165C-4676-AD2D-CA55C240FCBE} = {6A6DB821-1517-4EBD-91BA-E67D9E1F60B5}
		{68C02693-6593-4C98-BE5D-D5CB1FBAC157} = {6A6DB821-1517-4EBD-91BA-E67D9E1F60B5}
		{73F0F660-4138-4F63-B0C7-C87AFAEFB43E} = {6A6DB821-1517-4EBD-91BA-E67D9E1F60B5}
		{7EE90E89-E5AE-41DB-A617-89A42179F8E6} = {6A6DB821-1517-4EBD-91BA-E67D9E1F60B5}
	EndGlobalSection
	GlobalSection(ExtensibilityGlobals) = postSolution
		SolutionGuid = {9D1D6FD8-8C69-42A7-BFE9-6E8253880FA6}
	EndGlobalSection
EndGlobal
