
Microsoft Visual Studio Solution File, Format Version 12.00
# Visual Studio Version 16
VisualStudioVersion = 16.0.29020.237
MinimumVisualStudioVersion = 10.0.40219.1
Project("{2150E333-8FDC-42A3-9474-1A3956D46DE8}") = "Labor1", "Labor1", "{6A6DB821-1517-4EBD-91BA-E67D9E1F60B5}"
EndProject
Project("{2150E333-8FDC-42A3-9474-1A3956D46DE8}") = "Labor2", "Labor2", "{2B6A4258-5EB3-4767-A6B5-C2F3B1268E4F}"
EndProject
Project("{2150E333-8FDC-42A3-9474-1A3956D46DE8}") = "Labor3", "Labor3", "{7278D4A9-D610-49C6-9CA8-B49AE7ED9413}"
EndProject
Project("{2150E333-8FDC-42A3-9474-1A3956D46DE8}") = "Labor4", "Labor4", "{53DE3C7B-52C7-4E87-ACE7-D3877506E978}"
EndProject
Project("{2150E333-8FDC-42A3-9474-1A3956D46DE8}") = "Labor5", "Labor5", "{EF0A950A-797C-4092-B9E7-3C4A8DF337B0}"
EndProject
Project("{2150E333-8FDC-42A3-9474-1A3956D46DE8}") = "Labor6", "Labor6", "{D0FC39AC-32F9-4ADE-BE9A-228B4EF385D1}"
EndProject
Project("{8BC9CEB8-8B4A-11D0-8D11-00A0C91BC942}") = "L1_A1", "Labor_1\L1_A1\L1_A1.vcxproj", "{FC89C18D-37F8-4B09-98CD-8D33A5BE63DE}"
EndProject
Project("{8BC9CEB8-8B4A-11D0-8D11-00A0C91BC942}") = "L1_A2", "Labor_1\L1_A2\L1_A2.vcxproj", "{CF8C049F-165C-4676-AD2D-CA55C240FCBE}"
EndProject
Project("{8BC9CEB8-8B4A-11D0-8D11-00A0C91BC942}") = "L1_A3", "Labor_1\L1_A3\L1_A3.vcxproj", "{68C02693-6593-4C98-BE5D-D5CB1FBAC157}"
EndProject
Project("{8BC9CEB8-8B4A-11D0-8D11-00A0C91BC942}") = "L1_A4", "Labor_1\L1_A4\L1_A4.vcxproj", "{BD6B6F32-FF57-4EE8-843A-7334F05EB89B}"
EndProject
Project("{8BC9CEB8-8B4A-11D0-8D11-00A0C91BC942}") = "L1_A5", "Labor_1\L1_A5\L1_A5.vcxproj", "{7EE90E89-E5AE-41DB-A617-89A42179F8E6}"
EndProject
Project("{8BC9CEB8-8B4A-11D0-8D11-00A0C91BC942}") = "L2_A1", "Labor_2\L2_A1\L2_A1.vcxproj", "{BFE18C67-0382-44A1-853C-CB3ECE5A9E47}"
EndProject
Project("{8BC9CEB8-8B4A-11D0-8D11-00A0C91BC942}") = "L2_A2", "Labor_2\L2_A2\L2_A2.vcxproj", "{43161BFB-D565-4E19-9777-0571951FC905}"
EndProject
Project("{8BC9CEB8-8B4A-11D0-8D11-00A0C91BC942}") = "L2_A3", "Labor_2\L2_A3\L2_A3.vcxproj", "{DBF1A7FA-6135-450E-8AB5-E950DAAF2964}"
EndProject
Project("{8BC9CEB8-8B4A-11D0-8D11-00A0C91BC942}") = "L3_A1", "Labor_3\L3_A1\L3_A1.vcxproj", "{A836AA79-E260-4396-AF8F-A1792EAC1062}"
EndProject
Project("{8BC9CEB8-8B4A-11D0-8D11-00A0C91BC942}") = "L3_A2", "Labor_3\L3_A2\L3_A2.vcxproj", "{C7197FB2-A4E7-4F39-82A3-7E7BAF27FB62}"
EndProject
Project("{8BC9CEB8-8B4A-11D0-8D11-00A0C91BC942}") = "L3_A3", "Labor_3\L3_A3\L3_A3.vcxproj", "{79C6FCFE-4D01-4EF6-9728-96A4E65EB0B4}"
EndProject
Project("{8BC9CEB8-8B4A-11D0-8D11-00A0C91BC942}") = "L3_A4", "Labor_3\L3_A4\L3_A4.vcxproj", "{1D43B899-FA37-4942-BABC-5743FF47DE43}"
EndProject
Project("{8BC9CEB8-8B4A-11D0-8D11-00A0C91BC942}") = "L4_A1", "Labor_4\L4_A1\L4_A1.vcxproj", "{841D9B49-1D9E-4BCC-A020-8F7CD73EF53E}"
EndProject
Project("{8BC9CEB8-8B4A-11D0-8D11-00A0C91BC942}") = "L4_A2", "Labor_4\L4_A2\L4_A2.vcxproj", "{3D357C72-3241-4159-84EE-96621D415638}"
EndProject
Project("{8BC9CEB8-8B4A-11D0-8D11-00A0C91BC942}") = "L4_A3", "Labor_4\L4_A3\L4_A3.vcxproj", "{8CD8E00C-ADF9-4795-AC83-28F598E0C96E}"
EndProject
Project("{8BC9CEB8-8B4A-11D0-8D11-00A0C91BC942}") = "L4_A4", "Labor_4\L4_A4\L4_A4.vcxproj", "{7E04A5D6-7C54-4195-915B-51CA5D03CA72}"
EndProject
Project("{8BC9CEB8-8B4A-11D0-8D11-00A0C91BC942}") = "L5_A1", "Labor_5\L5_A1\L5_A1.vcxproj", "{7CB08E3E-6E8D-4145-8189-D5EE2B14125F}"
EndProject
Project("{8BC9CEB8-8B4A-11D0-8D11-00A0C91BC942}") = "L5_A2", "Labor_5\L5_A2\L5_A2.vcxproj", "{3BE3A909-7339-4200-9ED0-4F56C59C0127}"
EndProject
Project("{8BC9CEB8-8B4A-11D0-8D11-00A0C91BC942}") = "L5_A4", "Labor_5\L5_A4\L5_A4.vcxproj", "{C7841527-0DC9-4EFC-B196-57BEAEA1FE82}"
EndProject
Project("{8BC9CEB8-8B4A-11D0-8D11-00A0C91BC942}") = "L5_A3", "Labor_5\L5_A3\L5_A3.vcxproj", "{BE4A7B4D-0EA0-4853-90F5-03E9A7CF78A3}"
EndProject
Project("{8BC9CEB8-8B4A-11D0-8D11-00A0C91BC942}") = "L6_A1", "Labor_6\L6_A1\L6_A1.vcxproj", "{5DFAF424-1868-44B6-801C-AABE3DAB3445}"
EndProject
Project("{8BC9CEB8-8B4A-11D0-8D11-00A0C91BC942}") = "L6_A2", "Labor_6\L6_A2\L6_A2.vcxproj", "{04E213FC-3228-4278-AAF1-E8F09A9D9766}"
EndProject
Project("{8BC9CEB8-8B4A-11D0-8D11-00A0C91BC942}") = "L6_A3", "Labor_6\L6_A3\L6_A3.vcxproj", "{1A9C2A08-102E-4803-887F-841D1C492F7C}"
EndProject
Global
	GlobalSection(SolutionConfigurationPlatforms) = preSolution
		Debug|x64 = Debug|x64
		Debug|x86 = Debug|x86
		Release|x64 = Release|x64
		Release|x86 = Release|x86
	EndGlobalSection
	GlobalSection(ProjectConfigurationPlatforms) = postSolution
		{FC89C18D-37F8-4B09-98CD-8D33A5BE63DE}.Debug|x64.ActiveCfg = Debug|x64
		{FC89C18D-37F8-4B09-98CD-8D33A5BE63DE}.Debug|x64.Build.0 = Debug|x64
		{FC89C18D-37F8-4B09-98CD-8D33A5BE63DE}.Debug|x86.ActiveCfg = Debug|Win32
		{FC89C18D-37F8-4B09-98CD-8D33A5BE63DE}.Debug|x86.Build.0 = Debug|Win32
		{FC89C18D-37F8-4B09-98CD-8D33A5BE63DE}.Release|x64.ActiveCfg = Release|x64
		{FC89C18D-37F8-4B09-98CD-8D33A5BE63DE}.Release|x64.Build.0 = Release|x64
		{FC89C18D-37F8-4B09-98CD-8D33A5BE63DE}.Release|x86.ActiveCfg = Release|Win32
		{FC89C18D-37F8-4B09-98CD-8D33A5BE63DE}.Release|x86.Build.0 = Release|Win32
		{CF8C049F-165C-4676-AD2D-CA55C240FCBE}.Debug|x64.ActiveCfg = Debug|x64
		{CF8C049F-165C-4676-AD2D-CA55C240FCBE}.Debug|x64.Build.0 = Debug|x64
		{CF8C049F-165C-4676-AD2D-CA55C240FCBE}.Debug|x86.ActiveCfg = Debug|Win32
		{CF8C049F-165C-4676-AD2D-CA55C240FCBE}.Debug|x86.Build.0 = Debug|Win32
		{CF8C049F-165C-4676-AD2D-CA55C240FCBE}.Release|x64.ActiveCfg = Release|x64
		{CF8C049F-165C-4676-AD2D-CA55C240FCBE}.Release|x64.Build.0 = Release|x64
		{CF8C049F-165C-4676-AD2D-CA55C240FCBE}.Release|x86.ActiveCfg = Release|Win32
		{CF8C049F-165C-4676-AD2D-CA55C240FCBE}.Release|x86.Build.0 = Release|Win32
		{68C02693-6593-4C98-BE5D-D5CB1FBAC157}.Debug|x64.ActiveCfg = Debug|x64
		{68C02693-6593-4C98-BE5D-D5CB1FBAC157}.Debug|x64.Build.0 = Debug|x64
		{68C02693-6593-4C98-BE5D-D5CB1FBAC157}.Debug|x86.ActiveCfg = Debug|Win32
		{68C02693-6593-4C98-BE5D-D5CB1FBAC157}.Debug|x86.Build.0 = Debug|Win32
		{68C02693-6593-4C98-BE5D-D5CB1FBAC157}.Release|x64.ActiveCfg = Release|x64
		{68C02693-6593-4C98-BE5D-D5CB1FBAC157}.Release|x64.Build.0 = Release|x64
		{68C02693-6593-4C98-BE5D-D5CB1FBAC157}.Release|x86.ActiveCfg = Release|Win32
		{68C02693-6593-4C98-BE5D-D5CB1FBAC157}.Release|x86.Build.0 = Release|Win32
		{7EE90E89-E5AE-41DB-A617-89A42179F8E6}.Debug|x64.ActiveCfg = Debug|x64
		{7EE90E89-E5AE-41DB-A617-89A42179F8E6}.Debug|x64.Build.0 = Debug|x64
		{7EE90E89-E5AE-41DB-A617-89A42179F8E6}.Debug|x86.ActiveCfg = Debug|Win32
		{7EE90E89-E5AE-41DB-A617-89A42179F8E6}.Debug|x86.Build.0 = Debug|Win32
		{7EE90E89-E5AE-41DB-A617-89A42179F8E6}.Release|x64.ActiveCfg = Release|x64
		{7EE90E89-E5AE-41DB-A617-89A42179F8E6}.Release|x64.Build.0 = Release|x64
		{7EE90E89-E5AE-41DB-A617-89A42179F8E6}.Release|x86.ActiveCfg = Release|Win32
		{7EE90E89-E5AE-41DB-A617-89A42179F8E6}.Release|x86.Build.0 = Release|Win32
		{BFE18C67-0382-44A1-853C-CB3ECE5A9E47}.Debug|x64.ActiveCfg = Debug|x64
		{BFE18C67-0382-44A1-853C-CB3ECE5A9E47}.Debug|x64.Build.0 = Debug|x64
		{BFE18C67-0382-44A1-853C-CB3ECE5A9E47}.Debug|x86.ActiveCfg = Debug|Win32
		{BFE18C67-0382-44A1-853C-CB3ECE5A9E47}.Debug|x86.Build.0 = Debug|Win32
		{BFE18C67-0382-44A1-853C-CB3ECE5A9E47}.Release|x64.ActiveCfg = Release|x64
		{BFE18C67-0382-44A1-853C-CB3ECE5A9E47}.Release|x64.Build.0 = Release|x64
		{BFE18C67-0382-44A1-853C-CB3ECE5A9E47}.Release|x86.ActiveCfg = Release|Win32
		{BFE18C67-0382-44A1-853C-CB3ECE5A9E47}.Release|x86.Build.0 = Release|Win32
		{43161BFB-D565-4E19-9777-0571951FC905}.Debug|x64.ActiveCfg = Debug|x64
		{43161BFB-D565-4E19-9777-0571951FC905}.Debug|x64.Build.0 = Debug|x64
		{43161BFB-D565-4E19-9777-0571951FC905}.Debug|x86.ActiveCfg = Debug|Win32
		{43161BFB-D565-4E19-9777-0571951FC905}.Debug|x86.Build.0 = Debug|Win32
		{43161BFB-D565-4E19-9777-0571951FC905}.Release|x64.ActiveCfg = Release|x64
		{43161BFB-D565-4E19-9777-0571951FC905}.Release|x64.Build.0 = Release|x64
		{43161BFB-D565-4E19-9777-0571951FC905}.Release|x86.ActiveCfg = Release|Win32
		{43161BFB-D565-4E19-9777-0571951FC905}.Release|x86.Build.0 = Release|Win32
		{DBF1A7FA-6135-450E-8AB5-E950DAAF2964}.Debug|x64.ActiveCfg = Debug|x64
		{DBF1A7FA-6135-450E-8AB5-E950DAAF2964}.Debug|x64.Build.0 = Debug|x64
		{DBF1A7FA-6135-450E-8AB5-E950DAAF2964}.Debug|x86.ActiveCfg = Debug|Win32
		{DBF1A7FA-6135-450E-8AB5-E950DAAF2964}.Debug|x86.Build.0 = Debug|Win32
		{DBF1A7FA-6135-450E-8AB5-E950DAAF2964}.Release|x64.ActiveCfg = Release|x64
		{DBF1A7FA-6135-450E-8AB5-E950DAAF2964}.Release|x64.Build.0 = Release|x64
		{DBF1A7FA-6135-450E-8AB5-E950DAAF2964}.Release|x86.ActiveCfg = Release|Win32
		{DBF1A7FA-6135-450E-8AB5-E950DAAF2964}.Release|x86.Build.0 = Release|Win32
		{A836AA79-E260-4396-AF8F-A1792EAC1062}.Debug|x64.ActiveCfg = Debug|x64
		{A836AA79-E260-4396-AF8F-A1792EAC1062}.Debug|x64.Build.0 = Debug|x64
		{A836AA79-E260-4396-AF8F-A1792EAC1062}.Debug|x86.ActiveCfg = Debug|Win32
		{A836AA79-E260-4396-AF8F-A1792EAC1062}.Debug|x86.Build.0 = Debug|Win32
		{A836AA79-E260-4396-AF8F-A1792EAC1062}.Release|x64.ActiveCfg = Release|x64
		{A836AA79-E260-4396-AF8F-A1792EAC1062}.Release|x64.Build.0 = Release|x64
		{A836AA79-E260-4396-AF8F-A1792EAC1062}.Release|x86.ActiveCfg = Release|Win32
		{A836AA79-E260-4396-AF8F-A1792EAC1062}.Release|x86.Build.0 = Release|Win32
		{C7197FB2-A4E7-4F39-82A3-7E7BAF27FB62}.Debug|x64.ActiveCfg = Debug|x64
		{C7197FB2-A4E7-4F39-82A3-7E7BAF27FB62}.Debug|x64.Build.0 = Debug|x64
		{C7197FB2-A4E7-4F39-82A3-7E7BAF27FB62}.Debug|x86.ActiveCfg = Debug|Win32
		{C7197FB2-A4E7-4F39-82A3-7E7BAF27FB62}.Debug|x86.Build.0 = Debug|Win32
		{C7197FB2-A4E7-4F39-82A3-7E7BAF27FB62}.Release|x64.ActiveCfg = Release|x64
		{C7197FB2-A4E7-4F39-82A3-7E7BAF27FB62}.Release|x64.Build.0 = Release|x64
		{C7197FB2-A4E7-4F39-82A3-7E7BAF27FB62}.Release|x86.ActiveCfg = Release|Win32
		{C7197FB2-A4E7-4F39-82A3-7E7BAF27FB62}.Release|x86.Build.0 = Release|Win32
		{79C6FCFE-4D01-4EF6-9728-96A4E65EB0B4}.Debug|x64.ActiveCfg = Debug|x64
		{79C6FCFE-4D01-4EF6-9728-96A4E65EB0B4}.Debug|x64.Build.0 = Debug|x64
		{79C6FCFE-4D01-4EF6-9728-96A4E65EB0B4}.Debug|x86.ActiveCfg = Debug|Win32
		{79C6FCFE-4D01-4EF6-9728-96A4E65EB0B4}.Debug|x86.Build.0 = Debug|Win32
		{79C6FCFE-4D01-4EF6-9728-96A4E65EB0B4}.Release|x64.ActiveCfg = Release|x64
		{79C6FCFE-4D01-4EF6-9728-96A4E65EB0B4}.Release|x64.Build.0 = Release|x64
		{79C6FCFE-4D01-4EF6-9728-96A4E65EB0B4}.Release|x86.ActiveCfg = Release|Win32
		{79C6FCFE-4D01-4EF6-9728-96A4E65EB0B4}.Release|x86.Build.0 = Release|Win32
		{1D43B899-FA37-4942-BABC-5743FF47DE43}.Debug|x64.ActiveCfg = Debug|x64
		{1D43B899-FA37-4942-BABC-5743FF47DE43}.Debug|x64.Build.0 = Debug|x64
		{1D43B899-FA37-4942-BABC-5743FF47DE43}.Debug|x86.ActiveCfg = Debug|Win32
		{1D43B899-FA37-4942-BABC-5743FF47DE43}.Debug|x86.Build.0 = Debug|Win32
		{1D43B899-FA37-4942-BABC-5743FF47DE43}.Release|x64.ActiveCfg = Release|x64
		{1D43B899-FA37-4942-BABC-5743FF47DE43}.Release|x64.Build.0 = Release|x64
		{1D43B899-FA37-4942-BABC-5743FF47DE43}.Release|x86.ActiveCfg = Release|Win32
		{1D43B899-FA37-4942-BABC-5743FF47DE43}.Release|x86.Build.0 = Release|Win32
		{841D9B49-1D9E-4BCC-A020-8F7CD73EF53E}.Debug|x64.ActiveCfg = Debug|x64
		{841D9B49-1D9E-4BCC-A020-8F7CD73EF53E}.Debug|x64.Build.0 = Debug|x64
		{841D9B49-1D9E-4BCC-A020-8F7CD73EF53E}.Debug|x86.ActiveCfg = Debug|Win32
		{841D9B49-1D9E-4BCC-A020-8F7CD73EF53E}.Debug|x86.Build.0 = Debug|Win32
		{841D9B49-1D9E-4BCC-A020-8F7CD73EF53E}.Release|x64.ActiveCfg = Release|x64
		{841D9B49-1D9E-4BCC-A020-8F7CD73EF53E}.Release|x64.Build.0 = Release|x64
		{841D9B49-1D9E-4BCC-A020-8F7CD73EF53E}.Release|x86.ActiveCfg = Release|Win32
		{841D9B49-1D9E-4BCC-A020-8F7CD73EF53E}.Release|x86.Build.0 = Release|Win32
		{3D357C72-3241-4159-84EE-96621D415638}.Debug|x64.ActiveCfg = Debug|x64
		{3D357C72-3241-4159-84EE-96621D415638}.Debug|x64.Build.0 = Debug|x64
		{3D357C72-3241-4159-84EE-96621D415638}.Debug|x86.ActiveCfg = Debug|Win32
		{3D357C72-3241-4159-84EE-96621D415638}.Debug|x86.Build.0 = Debug|Win32
		{3D357C72-3241-4159-84EE-96621D415638}.Release|x64.ActiveCfg = Release|x64
		{3D357C72-3241-4159-84EE-96621D415638}.Release|x64.Build.0 = Release|x64
		{3D357C72-3241-4159-84EE-96621D415638}.Release|x86.ActiveCfg = Release|Win32
		{3D357C72-3241-4159-84EE-96621D415638}.Release|x86.Build.0 = Release|Win32
		{8CD8E00C-ADF9-4795-AC83-28F598E0C96E}.Debug|x64.ActiveCfg = Debug|x64
		{8CD8E00C-ADF9-4795-AC83-28F598E0C96E}.Debug|x64.Build.0 = Debug|x64
		{8CD8E00C-ADF9-4795-AC83-28F598E0C96E}.Debug|x86.ActiveCfg = Debug|Win32
		{8CD8E00C-ADF9-4795-AC83-28F598E0C96E}.Debug|x86.Build.0 = Debug|Win32
		{8CD8E00C-ADF9-4795-AC83-28F598E0C96E}.Release|x64.ActiveCfg = Release|x64
		{8CD8E00C-ADF9-4795-AC83-28F598E0C96E}.Release|x64.Build.0 = Release|x64
		{8CD8E00C-ADF9-4795-AC83-28F598E0C96E}.Release|x86.ActiveCfg = Release|Win32
		{8CD8E00C-ADF9-4795-AC83-28F598E0C96E}.Release|x86.Build.0 = Release|Win32
		{7E04A5D6-7C54-4195-915B-51CA5D03CA72}.Debug|x64.ActiveCfg = Debug|x64
		{7E04A5D6-7C54-4195-915B-51CA5D03CA72}.Debug|x64.Build.0 = Debug|x64
		{7E04A5D6-7C54-4195-915B-51CA5D03CA72}.Debug|x86.ActiveCfg = Debug|Win32
		{7E04A5D6-7C54-4195-915B-51CA5D03CA72}.Debug|x86.Build.0 = Debug|Win32
		{7E04A5D6-7C54-4195-915B-51CA5D03CA72}.Release|x64.ActiveCfg = Release|x64
		{7E04A5D6-7C54-4195-915B-51CA5D03CA72}.Release|x64.Build.0 = Release|x64
		{7E04A5D6-7C54-4195-915B-51CA5D03CA72}.Release|x86.ActiveCfg = Release|Win32
		{7E04A5D6-7C54-4195-915B-51CA5D03CA72}.Release|x86.Build.0 = Release|Win32
		{7CB08E3E-6E8D-4145-8189-D5EE2B14125F}.Debug|x64.ActiveCfg = Debug|x64
		{7CB08E3E-6E8D-4145-8189-D5EE2B14125F}.Debug|x64.Build.0 = Debug|x64
		{7CB08E3E-6E8D-4145-8189-D5EE2B14125F}.Debug|x86.ActiveCfg = Debug|Win32
		{7CB08E3E-6E8D-4145-8189-D5EE2B14125F}.Debug|x86.Build.0 = Debug|Win32
		{7CB08E3E-6E8D-4145-8189-D5EE2B14125F}.Release|x64.ActiveCfg = Release|x64
		{7CB08E3E-6E8D-4145-8189-D5EE2B14125F}.Release|x64.Build.0 = Release|x64
		{7CB08E3E-6E8D-4145-8189-D5EE2B14125F}.Release|x86.ActiveCfg = Release|Win32
		{7CB08E3E-6E8D-4145-8189-D5EE2B14125F}.Release|x86.Build.0 = Release|Win32
		{3BE3A909-7339-4200-9ED0-4F56C59C0127}.Debug|x64.ActiveCfg = Debug|x64
		{3BE3A909-7339-4200-9ED0-4F56C59C0127}.Debug|x64.Build.0 = Debug|x64
		{3BE3A909-7339-4200-9ED0-4F56C59C0127}.Debug|x86.ActiveCfg = Debug|Win32
		{3BE3A909-7339-4200-9ED0-4F56C59C0127}.Debug|x86.Build.0 = Debug|Win32
		{3BE3A909-7339-4200-9ED0-4F56C59C0127}.Release|x64.ActiveCfg = Release|x64
		{3BE3A909-7339-4200-9ED0-4F56C59C0127}.Release|x64.Build.0 = Release|x64
		{3BE3A909-7339-4200-9ED0-4F56C59C0127}.Release|x86.ActiveCfg = Release|Win32
		{3BE3A909-7339-4200-9ED0-4F56C59C0127}.Release|x86.Build.0 = Release|Win32
		{C7841527-0DC9-4EFC-B196-57BEAEA1FE82}.Debug|x64.ActiveCfg = Debug|x64
		{C7841527-0DC9-4EFC-B196-57BEAEA1FE82}.Debug|x64.Build.0 = Debug|x64
		{C7841527-0DC9-4EFC-B196-57BEAEA1FE82}.Debug|x86.ActiveCfg = Debug|Win32
		{C7841527-0DC9-4EFC-B196-57BEAEA1FE82}.Debug|x86.Build.0 = Debug|Win32
		{C7841527-0DC9-4EFC-B196-57BEAEA1FE82}.Release|x64.ActiveCfg = Release|x64
		{C7841527-0DC9-4EFC-B196-57BEAEA1FE82}.Release|x64.Build.0 = Release|x64
		{C7841527-0DC9-4EFC-B196-57BEAEA1FE82}.Release|x86.ActiveCfg = Release|Win32
		{C7841527-0DC9-4EFC-B196-57BEAEA1FE82}.Release|x86.Build.0 = Release|Win32
		{BE4A7B4D-0EA0-4853-90F5-03E9A7CF78A3}.Debug|x64.ActiveCfg = Debug|x64
		{BE4A7B4D-0EA0-4853-90F5-03E9A7CF78A3}.Debug|x64.Build.0 = Debug|x64
		{BE4A7B4D-0EA0-4853-90F5-03E9A7CF78A3}.Debug|x86.ActiveCfg = Debug|Win32
		{BE4A7B4D-0EA0-4853-90F5-03E9A7CF78A3}.Debug|x86.Build.0 = Debug|Win32
		{BE4A7B4D-0EA0-4853-90F5-03E9A7CF78A3}.Release|x64.ActiveCfg = Release|x64
		{BE4A7B4D-0EA0-4853-90F5-03E9A7CF78A3}.Release|x64.Build.0 = Release|x64
		{BE4A7B4D-0EA0-4853-90F5-03E9A7CF78A3}.Release|x86.ActiveCfg = Release|Win32
		{BE4A7B4D-0EA0-4853-90F5-03E9A7CF78A3}.Release|x86.Build.0 = Release|Win32
		{5DFAF424-1868-44B6-801C-AABE3DAB3445}.Debug|x64.ActiveCfg = Debug|x64
		{5DFAF424-1868-44B6-801C-AABE3DAB3445}.Debug|x64.Build.0 = Debug|x64
		{5DFAF424-1868-44B6-801C-AABE3DAB3445}.Debug|x86.ActiveCfg = Debug|Win32
		{5DFAF424-1868-44B6-801C-AABE3DAB3445}.Debug|x86.Build.0 = Debug|Win32
		{5DFAF424-1868-44B6-801C-AABE3DAB3445}.Release|x64.ActiveCfg = Release|x64
		{5DFAF424-1868-44B6-801C-AABE3DAB3445}.Release|x64.Build.0 = Release|x64
		{5DFAF424-1868-44B6-801C-AABE3DAB3445}.Release|x86.ActiveCfg = Release|Win32
		{5DFAF424-1868-44B6-801C-AABE3DAB3445}.Release|x86.Build.0 = Release|Win32
		{04E213FC-3228-4278-AAF1-E8F09A9D9766}.Debug|x64.ActiveCfg = Debug|x64
		{04E213FC-3228-4278-AAF1-E8F09A9D9766}.Debug|x64.Build.0 = Debug|x64
		{04E213FC-3228-4278-AAF1-E8F09A9D9766}.Debug|x86.ActiveCfg = Debug|Win32
		{04E213FC-3228-4278-AAF1-E8F09A9D9766}.Debug|x86.Build.0 = Debug|Win32
		{04E213FC-3228-4278-AAF1-E8F09A9D9766}.Release|x64.ActiveCfg = Release|x64
		{04E213FC-3228-4278-AAF1-E8F09A9D9766}.Release|x64.Build.0 = Release|x64
		{04E213FC-3228-4278-AAF1-E8F09A9D9766}.Release|x86.ActiveCfg = Release|Win32
		{04E213FC-3228-4278-AAF1-E8F09A9D9766}.Release|x86.Build.0 = Release|Win32
		{1A9C2A08-102E-4803-887F-841D1C492F7C}.Debug|x64.ActiveCfg = Debug|x64
		{1A9C2A08-102E-4803-887F-841D1C492F7C}.Debug|x64.Build.0 = Debug|x64
		{1A9C2A08-102E-4803-887F-841D1C492F7C}.Debug|x86.ActiveCfg = Debug|Win32
		{1A9C2A08-102E-4803-887F-841D1C492F7C}.Debug|x86.Build.0 = Debug|Win32
		{1A9C2A08-102E-4803-887F-841D1C492F7C}.Release|x64.ActiveCfg = Release|x64
		{1A9C2A08-102E-4803-887F-841D1C492F7C}.Release|x64.Build.0 = Release|x64
		{1A9C2A08-102E-4803-887F-841D1C492F7C}.Release|x86.ActiveCfg = Release|Win32
		{1A9C2A08-102E-4803-887F-841D1C492F7C}.Release|x86.Build.0 = Release|Win32
		{BD6B6F32-FF57-4EE8-843A-7334F05EB89B}.Debug|x64.ActiveCfg = Debug|x64
		{BD6B6F32-FF57-4EE8-843A-7334F05EB89B}.Debug|x64.Build.0 = Debug|x64
		{BD6B6F32-FF57-4EE8-843A-7334F05EB89B}.Debug|x86.ActiveCfg = Debug|Win32
		{BD6B6F32-FF57-4EE8-843A-7334F05EB89B}.Debug|x86.Build.0 = Debug|Win32
		{BD6B6F32-FF57-4EE8-843A-7334F05EB89B}.Release|x64.ActiveCfg = Release|x64
		{BD6B6F32-FF57-4EE8-843A-7334F05EB89B}.Release|x64.Build.0 = Release|x64
		{BD6B6F32-FF57-4EE8-843A-7334F05EB89B}.Release|x86.ActiveCfg = Release|Win32
		{BD6B6F32-FF57-4EE8-843A-7334F05EB89B}.Release|x86.Build.0 = Release|Win32
	EndGlobalSection
	GlobalSection(SolutionProperties) = preSolution
		HideSolutionNode = FALSE
	EndGlobalSection
	GlobalSection(NestedProjects) = preSolution
		{FC89C18D-37F8-4B09-98CD-8D33A5BE63DE} = {6A6DB821-1517-4EBD-91BA-E67D9E1F60B5}
		{CF8C049F-165C-4676-AD2D-CA55C240FCBE} = {6A6DB821-1517-4EBD-91BA-E67D9E1F60B5}
		{68C02693-6593-4C98-BE5D-D5CB1FBAC157} = {6A6DB821-1517-4EBD-91BA-E67D9E1F60B5}
		{7EE90E89-E5AE-41DB-A617-89A42179F8E6} = {6A6DB821-1517-4EBD-91BA-E67D9E1F60B5}
		{BFE18C67-0382-44A1-853C-CB3ECE5A9E47} = {2B6A4258-5EB3-4767-A6B5-C2F3B1268E4F}
		{43161BFB-D565-4E19-9777-0571951FC905} = {2B6A4258-5EB3-4767-A6B5-C2F3B1268E4F}
		{DBF1A7FA-6135-450E-8AB5-E950DAAF2964} = {2B6A4258-5EB3-4767-A6B5-C2F3B1268E4F}
		{A836AA79-E260-4396-AF8F-A1792EAC1062} = {7278D4A9-D610-49C6-9CA8-B49AE7ED9413}
		{C7197FB2-A4E7-4F39-82A3-7E7BAF27FB62} = {7278D4A9-D610-49C6-9CA8-B49AE7ED9413}
		{79C6FCFE-4D01-4EF6-9728-96A4E65EB0B4} = {7278D4A9-D610-49C6-9CA8-B49AE7ED9413}
		{1D43B899-FA37-4942-BABC-5743FF47DE43} = {7278D4A9-D610-49C6-9CA8-B49AE7ED9413}
		{841D9B49-1D9E-4BCC-A020-8F7CD73EF53E} = {53DE3C7B-52C7-4E87-ACE7-D3877506E978}
		{3D357C72-3241-4159-84EE-96621D415638} = {53DE3C7B-52C7-4E87-ACE7-D3877506E978}
		{8CD8E00C-ADF9-4795-AC83-28F598E0C96E} = {53DE3C7B-52C7-4E87-ACE7-D3877506E978}
		{7E04A5D6-7C54-4195-915B-51CA5D03CA72} = {53DE3C7B-52C7-4E87-ACE7-D3877506E978}
		{7CB08E3E-6E8D-4145-8189-D5EE2B14125F} = {EF0A950A-797C-4092-B9E7-3C4A8DF337B0}
		{3BE3A909-7339-4200-9ED0-4F56C59C0127} = {EF0A950A-797C-4092-B9E7-3C4A8DF337B0}
		{C7841527-0DC9-4EFC-B196-57BEAEA1FE82} = {EF0A950A-797C-4092-B9E7-3C4A8DF337B0}
		{BE4A7B4D-0EA0-4853-90F5-03E9A7CF78A3} = {EF0A950A-797C-4092-B9E7-3C4A8DF337B0}
		{5DFAF424-1868-44B6-801C-AABE3DAB3445} = {D0FC39AC-32F9-4ADE-BE9A-228B4EF385D1}
		{04E213FC-3228-4278-AAF1-E8F09A9D9766} = {D0FC39AC-32F9-4ADE-BE9A-228B4EF385D1}
		{1A9C2A08-102E-4803-887F-841D1C492F7C} = {D0FC39AC-32F9-4ADE-BE9A-228B4EF385D1}
		{BD6B6F32-FF57-4EE8-843A-7334F05EB89B} = {6A6DB821-1517-4EBD-91BA-E67D9E1F60B5}
	EndGlobalSection
	GlobalSection(ExtensibilityGlobals) = postSolution
		SolutionGuid = {9D1D6FD8-8C69-42A7-BFE9-6E8253880FA6}
	EndGlobalSection
EndGlobal
